
Microsoft Visual Studio Solution File, Format Version 12.00
# Visual Studio Version 17
VisualStudioVersion = 17.14.36310.24 d17.14
MinimumVisualStudioVersion = 10.0.40219.1
Project("{F184B08F-C81C-45F6-A57F-5ABD9991F28F}") = "prjArgosKiosk", "prjArgosKiosk.vbproj", "{8EF7210F-A89A-4011-AC96-161A54B6FD3D}"
EndProject
Global
	GlobalSection(SolutionConfigurationPlatforms) = preSolution
		Debug|Any CPU = Debug|Any CPU
		Release|Any CPU = Release|Any CPU
	EndGlobalSection
	GlobalSection(ProjectConfigurationPlatforms) = postSolution
		{8EF7210F-A89A-4011-AC96-161A54B6FD3D}.Debug|Any CPU.ActiveCfg = Debug|Any CPU
		{8EF7210F-A89A-4011-AC96-161A54B6FD3D}.Debug|Any CPU.Build.0 = Debug|Any CPU
		{8EF7210F-A89A-4011-AC96-161A54B6FD3D}.Release|Any CPU.ActiveCfg = Release|Any CPU
		{8EF7210F-A89A-4011-AC96-161A54B6FD3D}.Release|Any CPU.Build.0 = Release|Any CPU
	EndGlobalSection
	GlobalSection(SolutionProperties) = preSolution
		HideSolutionNode = FALSE
	EndGlobalSection
	GlobalSection(ExtensibilityGlobals) = postSolution
		SolutionGuid = {B1FA7D51-6555-4C7C-A986-8007CC9AFB8F}
	EndGlobalSection
EndGlobal
